
Microsoft Visual Studio Solution File, Format Version 12.00
# Visual Studio Version 16
VisualStudioVersion = 16.0.32901.82
MinimumVisualStudioVersion = 10.0.40219.1
Project("{FAE04EC0-301F-11D3-BF4B-00C04F79EFBC}") = "Mohr_Circle", "Mohr_Circle.csproj", "{68AF88D2-9A4A-4D84-9DBF-60497E2C46F2}"
EndProject
Global
	GlobalSection(SolutionConfigurationPlatforms) = preSolution
		Debug|Any CPU = Debug|Any CPU
		Release|Any CPU = Release|Any CPU
	EndGlobalSection
	GlobalSection(ProjectConfigurationPlatforms) = postSolution
		{68AF88D2-9A4A-4D84-9DBF-60497E2C46F2}.Debug|Any CPU.ActiveCfg = Debug|Any CPU
		{68AF88D2-9A4A-4D84-9DBF-60497E2C46F2}.Debug|Any CPU.Build.0 = Debug|Any CPU
		{68AF88D2-9A4A-4D84-9DBF-60497E2C46F2}.Release|Any CPU.ActiveCfg = Release|Any CPU
		{68AF88D2-9A4A-4D84-9DBF-60497E2C46F2}.Release|Any CPU.Build.0 = Release|Any CPU
	EndGlobalSection
	GlobalSection(SolutionProperties) = preSolution
		HideSolutionNode = FALSE
	EndGlobalSection
	GlobalSection(ExtensibilityGlobals) = postSolution
		SolutionGuid = {1C1B8D93-300E-4D63-9700-E7F4D4B9EA76}
	EndGlobalSection
EndGlobal
